
Microsoft Visual Studio Solution File, Format Version 12.00
# Visual Studio Version 16
VisualStudioVersion = 16.0.29306.81
MinimumVisualStudioVersion = 10.0.40219.1
Project("{FAE04EC0-301F-11D3-BF4B-00C04F79EFBC}") = "NetworkTopology", "NetworkTopology\NetworkTopology.csproj", "{F29B7105-3190-4B66-A010-536A96612BD5}"
EndProject
Global
	GlobalSection(SolutionConfigurationPlatforms) = preSolution
		Debug|Any CPU = Debug|Any CPU
		Release|Any CPU = Release|Any CPU
	EndGlobalSection
	GlobalSection(ProjectConfigurationPlatforms) = postSolution
		{F29B7105-3190-4B66-A010-536A96612BD5}.Debug|Any CPU.ActiveCfg = Debug|Any CPU
		{F29B7105-3190-4B66-A010-536A96612BD5}.Debug|Any CPU.Build.0 = Debug|Any CPU
		{F29B7105-3190-4B66-A010-536A96612BD5}.Release|Any CPU.ActiveCfg = Release|Any CPU
		{F29B7105-3190-4B66-A010-536A96612BD5}.Release|Any CPU.Build.0 = Release|Any CPU
	EndGlobalSection
	GlobalSection(SolutionProperties) = preSolution
		HideSolutionNode = FALSE
	EndGlobalSection
	GlobalSection(ExtensibilityGlobals) = postSolution
		SolutionGuid = {B177DB43-57AB-4A58-8AF5-F293987671D8}
	EndGlobalSection
EndGlobal
